
Microsoft Visual Studio Solution File, Format Version 12.00
# Visual Studio Version 16
VisualStudioVersion = 16.0.30907.101
MinimumVisualStudioVersion = 10.0.40219.1
Project("{FAE04EC0-301F-11D3-BF4B-00C04F79EFBC}") = "vocales", "vocales\vocales.csproj", "{56BFE68B-9F02-40D8-88A9-9D1EC4FD0246}"
EndProject
Global
	GlobalSection(SolutionConfigurationPlatforms) = preSolution
		Debug|Any CPU = Debug|Any CPU
		Release|Any CPU = Release|Any CPU
	EndGlobalSection
	GlobalSection(ProjectConfigurationPlatforms) = postSolution
		{56BFE68B-9F02-40D8-88A9-9D1EC4FD0246}.Debug|Any CPU.ActiveCfg = Debug|Any CPU
		{56BFE68B-9F02-40D8-88A9-9D1EC4FD0246}.Debug|Any CPU.Build.0 = Debug|Any CPU
		{56BFE68B-9F02-40D8-88A9-9D1EC4FD0246}.Release|Any CPU.ActiveCfg = Release|Any CPU
		{56BFE68B-9F02-40D8-88A9-9D1EC4FD0246}.Release|Any CPU.Build.0 = Release|Any CPU
	EndGlobalSection
	GlobalSection(SolutionProperties) = preSolution
		HideSolutionNode = FALSE
	EndGlobalSection
	GlobalSection(ExtensibilityGlobals) = postSolution
		SolutionGuid = {DF8640D7-BFDA-4F12-B95B-FCA77F8773DA}
	EndGlobalSection
EndGlobal
